{
  "name": "angeldav-test-pageloader",
  "version": "1.0.7",
  "lockfileVersion": 2,
  "requires": true,
  "packages": {
    "": {
      "name": "angeldav-test-pageloader",
      "version": "1.0.7",
      "license": "ISC",
      "dependencies": {
        "angeldav-testpackage": "^1.2.4"
      }
    },
    "node_modules/angeldav-testpackage": {
      "version": "1.2.4",
      "resolved": "https://registry.npmjs.org/angeldav-testpackage/-/angeldav-testpackage-1.2.4.tgz",
      "integrity": "sha512-kSixpoq3Ljp9LvDT4mdNMQmPcLpkR4az4DzDLKNx2MlXPiy5eUZwBv7JBxZlcHin8H3itsRBftHdf1QcPXkyGQ=="
    }
  },
  "dependencies": {
    "angeldav-testpackage": {
      "version": "1.2.4",
      "resolved": "https://registry.npmjs.org/angeldav-testpackage/-/angeldav-testpackage-1.2.4.tgz",
      "integrity": "sha512-kSixpoq3Ljp9LvDT4mdNMQmPcLpkR4az4DzDLKNx2MlXPiy5eUZwBv7JBxZlcHin8H3itsRBftHdf1QcPXkyGQ=="
    }
  }
}
