{
  "name": "angeldav-test-pageloader",
  "version": "1.0.10",
  "lockfileVersion": 2,
  "requires": true,
  "packages": {
    "": {
      "name": "angeldav-test-pageloader",
      "version": "1.0.10",
      "license": "ISC",
      "dependencies": {
        "angeldav-loaderhtml": "^1.2.9",
        "fs": "^0.0.1-security"
      }
    },
    "node_modules/angeldav-loaderhtml": {
      "version": "1.2.9",
      "resolved": "https://registry.npmjs.org/angeldav-loaderhtml/-/angeldav-loaderhtml-1.2.9.tgz",
      "integrity": "sha512-IoOWxTUzms6ZmZcw4PtD1+zUzZknQXWVCblbuqkO6dhgaxrB31pnLFi3EkksQra63KrlVsaRKa2VecDGBWFSVw==",
      "dependencies": {
        "fs": "^0.0.1-security"
      }
    },
    "node_modules/fs": {
      "version": "0.0.1-security",
      "resolved": "https://registry.npmjs.org/fs/-/fs-0.0.1-security.tgz",
      "integrity": "sha512-3XY9e1pP0CVEUCdj5BmfIZxRBTSDycnbqhIOGec9QYtmVH2fbLpj86CFWkrNOkt/Fvty4KZG5lTglL9j/gJ87w=="
    }
  },
  "dependencies": {
    "angeldav-loaderhtml": {
      "version": "1.2.9",
      "resolved": "https://registry.npmjs.org/angeldav-loaderhtml/-/angeldav-loaderhtml-1.2.9.tgz",
      "integrity": "sha512-IoOWxTUzms6ZmZcw4PtD1+zUzZknQXWVCblbuqkO6dhgaxrB31pnLFi3EkksQra63KrlVsaRKa2VecDGBWFSVw==",
      "requires": {
        "fs": "^0.0.1-security"
      }
    },
    "fs": {
      "version": "0.0.1-security",
      "resolved": "https://registry.npmjs.org/fs/-/fs-0.0.1-security.tgz",
      "integrity": "sha512-3XY9e1pP0CVEUCdj5BmfIZxRBTSDycnbqhIOGec9QYtmVH2fbLpj86CFWkrNOkt/Fvty4KZG5lTglL9j/gJ87w=="
    }
  }
}
