{
  "name": "angeldav-test-pageloader",
  "version": "1.0.7-d",
  "lockfileVersion": 2,
  "requires": true,
  "packages": {
    "": {
      "name": "angeldav-test-pageloader",
      "version": "1.0.7-d",
      "license": "ISC",
      "dependencies": {
        "angeldav-testpackage": "^1.2.4",
        "fs": "^0.0.1-security"
      }
    },
    "node_modules/angeldav-testpackage": {
      "version": "1.2.4",
      "resolved": "https://registry.npmjs.org/angeldav-testpackage/-/angeldav-testpackage-1.2.4.tgz",
      "integrity": "sha512-kSixpoq3Ljp9LvDT4mdNMQmPcLpkR4az4DzDLKNx2MlXPiy5eUZwBv7JBxZlcHin8H3itsRBftHdf1QcPXkyGQ=="
    },
    "node_modules/fs": {
      "version": "0.0.1-security",
      "resolved": "https://registry.npmjs.org/fs/-/fs-0.0.1-security.tgz",
      "integrity": "sha512-3XY9e1pP0CVEUCdj5BmfIZxRBTSDycnbqhIOGec9QYtmVH2fbLpj86CFWkrNOkt/Fvty4KZG5lTglL9j/gJ87w=="
    }
  },
  "dependencies": {
    "angeldav-testpackage": {
      "version": "1.2.4",
      "resolved": "https://registry.npmjs.org/angeldav-testpackage/-/angeldav-testpackage-1.2.4.tgz",
      "integrity": "sha512-kSixpoq3Ljp9LvDT4mdNMQmPcLpkR4az4DzDLKNx2MlXPiy5eUZwBv7JBxZlcHin8H3itsRBftHdf1QcPXkyGQ=="
    },
    "fs": {
      "version": "0.0.1-security",
      "resolved": "https://registry.npmjs.org/fs/-/fs-0.0.1-security.tgz",
      "integrity": "sha512-3XY9e1pP0CVEUCdj5BmfIZxRBTSDycnbqhIOGec9QYtmVH2fbLpj86CFWkrNOkt/Fvty4KZG5lTglL9j/gJ87w=="
    }
  }
}
